
Microsoft Visual Studio Solution File, Format Version 12.00
# Visual Studio Version 16
VisualStudioVersion = 16.0.29411.108
MinimumVisualStudioVersion = 10.0.40219.1
Project("{FAE04EC0-301F-11D3-BF4B-00C04F79EFBC}") = "Task1", "Task1.csproj", "{13C336AB-656B-41D2-BE5F-06B676DF70FC}"
EndProject
Project("{FAE04EC0-301F-11D3-BF4B-00C04F79EFBC}") = "Task2", "..\Task2\Task2.csproj", "{A745909E-58C7-43CF-8F48-9AE692F35CAB}"
EndProject
Project("{FAE04EC0-301F-11D3-BF4B-00C04F79EFBC}") = "Task3", "..\Task3\Task3.csproj", "{8C363EF4-A53A-4138-9CDE-DF9B3E4CD159}"
EndProject
Project("{FAE04EC0-301F-11D3-BF4B-00C04F79EFBC}") = "Task4", "..\Task4\Task4.csproj", "{E7190C1D-7295-4A8C-AAC4-7B563D8DDCAC}"
EndProject
Project("{FAE04EC0-301F-11D3-BF4B-00C04F79EFBC}") = "Task5", "..\Task5\Task5.csproj", "{EE16E629-FF07-4D50-A37F-5AB0BE9CD7FA}"
EndProject
Project("{FAE04EC0-301F-11D3-BF4B-00C04F79EFBC}") = "Task6", "..\Task6\Task6.csproj", "{4DFEE9B7-074A-4865-AD4E-BC45A44FD576}"
EndProject
Project("{FAE04EC0-301F-11D3-BF4B-00C04F79EFBC}") = "Task7", "..\Task7\Task7.csproj", "{FA5EE1B3-1650-477F-B6F9-EF0FB07EE6D5}"
EndProject
Project("{FAE04EC0-301F-11D3-BF4B-00C04F79EFBC}") = "Task8", "..\Task8\Task8.csproj", "{CDBC31E0-28A1-460C-8429-29612B45D4F8}"
EndProject
Project("{FAE04EC0-301F-11D3-BF4B-00C04F79EFBC}") = "Task9", "..\Task9\Task9.csproj", "{80FB1E7D-9C98-474F-8D93-EE3245A7A0F0}"
EndProject
Project("{FAE04EC0-301F-11D3-BF4B-00C04F79EFBC}") = "Task10", "..\Task10\Task10.csproj", "{83D92CEA-1C2E-4EE2-942C-CFA38016C86C}"
EndProject
Project("{FAE04EC0-301F-11D3-BF4B-00C04F79EFBC}") = "Task11", "..\Task11\Task11.csproj", "{DB225110-F704-406D-97B5-EE14961B8433}"
EndProject
Global
	GlobalSection(SolutionConfigurationPlatforms) = preSolution
		Debug|Any CPU = Debug|Any CPU
		Release|Any CPU = Release|Any CPU
	EndGlobalSection
	GlobalSection(ProjectConfigurationPlatforms) = postSolution
		{13C336AB-656B-41D2-BE5F-06B676DF70FC}.Debug|Any CPU.ActiveCfg = Debug|Any CPU
		{13C336AB-656B-41D2-BE5F-06B676DF70FC}.Debug|Any CPU.Build.0 = Debug|Any CPU
		{13C336AB-656B-41D2-BE5F-06B676DF70FC}.Release|Any CPU.ActiveCfg = Release|Any CPU
		{13C336AB-656B-41D2-BE5F-06B676DF70FC}.Release|Any CPU.Build.0 = Release|Any CPU
		{A745909E-58C7-43CF-8F48-9AE692F35CAB}.Debug|Any CPU.ActiveCfg = Debug|Any CPU
		{A745909E-58C7-43CF-8F48-9AE692F35CAB}.Debug|Any CPU.Build.0 = Debug|Any CPU
		{A745909E-58C7-43CF-8F48-9AE692F35CAB}.Release|Any CPU.ActiveCfg = Release|Any CPU
		{A745909E-58C7-43CF-8F48-9AE692F35CAB}.Release|Any CPU.Build.0 = Release|Any CPU
		{8C363EF4-A53A-4138-9CDE-DF9B3E4CD159}.Debug|Any CPU.ActiveCfg = Debug|Any CPU
		{8C363EF4-A53A-4138-9CDE-DF9B3E4CD159}.Debug|Any CPU.Build.0 = Debug|Any CPU
		{8C363EF4-A53A-4138-9CDE-DF9B3E4CD159}.Release|Any CPU.ActiveCfg = Release|Any CPU
		{8C363EF4-A53A-4138-9CDE-DF9B3E4CD159}.Release|Any CPU.Build.0 = Release|Any CPU
		{E7190C1D-7295-4A8C-AAC4-7B563D8DDCAC}.Debug|Any CPU.ActiveCfg = Debug|Any CPU
		{E7190C1D-7295-4A8C-AAC4-7B563D8DDCAC}.Debug|Any CPU.Build.0 = Debug|Any CPU
		{E7190C1D-7295-4A8C-AAC4-7B563D8DDCAC}.Release|Any CPU.ActiveCfg = Release|Any CPU
		{E7190C1D-7295-4A8C-AAC4-7B563D8DDCAC}.Release|Any CPU.Build.0 = Release|Any CPU
		{EE16E629-FF07-4D50-A37F-5AB0BE9CD7FA}.Debug|Any CPU.ActiveCfg = Debug|Any CPU
		{EE16E629-FF07-4D50-A37F-5AB0BE9CD7FA}.Debug|Any CPU.Build.0 = Debug|Any CPU
		{EE16E629-FF07-4D50-A37F-5AB0BE9CD7FA}.Release|Any CPU.ActiveCfg = Release|Any CPU
		{EE16E629-FF07-4D50-A37F-5AB0BE9CD7FA}.Release|Any CPU.Build.0 = Release|Any CPU
		{4DFEE9B7-074A-4865-AD4E-BC45A44FD576}.Debug|Any CPU.ActiveCfg = Debug|Any CPU
		{4DFEE9B7-074A-4865-AD4E-BC45A44FD576}.Debug|Any CPU.Build.0 = Debug|Any CPU
		{4DFEE9B7-074A-4865-AD4E-BC45A44FD576}.Release|Any CPU.ActiveCfg = Release|Any CPU
		{4DFEE9B7-074A-4865-AD4E-BC45A44FD576}.Release|Any CPU.Build.0 = Release|Any CPU
		{FA5EE1B3-1650-477F-B6F9-EF0FB07EE6D5}.Debug|Any CPU.ActiveCfg = Debug|Any CPU
		{FA5EE1B3-1650-477F-B6F9-EF0FB07EE6D5}.Debug|Any CPU.Build.0 = Debug|Any CPU
		{FA5EE1B3-1650-477F-B6F9-EF0FB07EE6D5}.Release|Any CPU.ActiveCfg = Release|Any CPU
		{FA5EE1B3-1650-477F-B6F9-EF0FB07EE6D5}.Release|Any CPU.Build.0 = Release|Any CPU
		{CDBC31E0-28A1-460C-8429-29612B45D4F8}.Debug|Any CPU.ActiveCfg = Debug|Any CPU
		{CDBC31E0-28A1-460C-8429-29612B45D4F8}.Debug|Any CPU.Build.0 = Debug|Any CPU
		{CDBC31E0-28A1-460C-8429-29612B45D4F8}.Release|Any CPU.ActiveCfg = Release|Any CPU
		{CDBC31E0-28A1-460C-8429-29612B45D4F8}.Release|Any CPU.Build.0 = Release|Any CPU
		{80FB1E7D-9C98-474F-8D93-EE3245A7A0F0}.Debug|Any CPU.ActiveCfg = Debug|Any CPU
		{80FB1E7D-9C98-474F-8D93-EE3245A7A0F0}.Debug|Any CPU.Build.0 = Debug|Any CPU
		{80FB1E7D-9C98-474F-8D93-EE3245A7A0F0}.Release|Any CPU.ActiveCfg = Release|Any CPU
		{80FB1E7D-9C98-474F-8D93-EE3245A7A0F0}.Release|Any CPU.Build.0 = Release|Any CPU
		{83D92CEA-1C2E-4EE2-942C-CFA38016C86C}.Debug|Any CPU.ActiveCfg = Debug|Any CPU
		{83D92CEA-1C2E-4EE2-942C-CFA38016C86C}.Debug|Any CPU.Build.0 = Debug|Any CPU
		{83D92CEA-1C2E-4EE2-942C-CFA38016C86C}.Release|Any CPU.ActiveCfg = Release|Any CPU
		{83D92CEA-1C2E-4EE2-942C-CFA38016C86C}.Release|Any CPU.Build.0 = Release|Any CPU
		{DB225110-F704-406D-97B5-EE14961B8433}.Debug|Any CPU.ActiveCfg = Debug|Any CPU
		{DB225110-F704-406D-97B5-EE14961B8433}.Debug|Any CPU.Build.0 = Debug|Any CPU
		{DB225110-F704-406D-97B5-EE14961B8433}.Release|Any CPU.ActiveCfg = Release|Any CPU
		{DB225110-F704-406D-97B5-EE14961B8433}.Release|Any CPU.Build.0 = Release|Any CPU
	EndGlobalSection
	GlobalSection(SolutionProperties) = preSolution
		HideSolutionNode = FALSE
	EndGlobalSection
	GlobalSection(ExtensibilityGlobals) = postSolution
		SolutionGuid = {74D27CA1-F68B-48BF-B97A-61533F60E7F2}
	EndGlobalSection
EndGlobal
